
Microsoft Visual Studio Solution File, Format Version 12.00
# Visual Studio Version 16
VisualStudioVersion = 16.0.31112.23
MinimumVisualStudioVersion = 10.0.40219.1
Project("{FAE04EC0-301F-11D3-BF4B-00C04F79EFBC}") = "Academy.Domain", "Academy.Domain\Academy.Domain.csproj", "{21D396BB-094C-40A1-95FF-7E6ED9034F96}"
EndProject
Project("{FAE04EC0-301F-11D3-BF4B-00C04F79EFBC}") = "Academy.Domain.Tests", "Academy.Domain.Tests\Academy.Domain.Tests.csproj", "{C354CC2E-118C-43D2-B138-8281EE6F4130}"
EndProject
Global
	GlobalSection(SolutionConfigurationPlatforms) = preSolution
		Debug|Any CPU = Debug|Any CPU
		Release|Any CPU = Release|Any CPU
	EndGlobalSection
	GlobalSection(ProjectConfigurationPlatforms) = postSolution
		{21D396BB-094C-40A1-95FF-7E6ED9034F96}.Debug|Any CPU.ActiveCfg = Debug|Any CPU
		{21D396BB-094C-40A1-95FF-7E6ED9034F96}.Debug|Any CPU.Build.0 = Debug|Any CPU
		{21D396BB-094C-40A1-95FF-7E6ED9034F96}.Release|Any CPU.ActiveCfg = Release|Any CPU
		{21D396BB-094C-40A1-95FF-7E6ED9034F96}.Release|Any CPU.Build.0 = Release|Any CPU
		{C354CC2E-118C-43D2-B138-8281EE6F4130}.Debug|Any CPU.ActiveCfg = Debug|Any CPU
		{C354CC2E-118C-43D2-B138-8281EE6F4130}.Debug|Any CPU.Build.0 = Debug|Any CPU
		{C354CC2E-118C-43D2-B138-8281EE6F4130}.Release|Any CPU.ActiveCfg = Release|Any CPU
		{C354CC2E-118C-43D2-B138-8281EE6F4130}.Release|Any CPU.Build.0 = Release|Any CPU
	EndGlobalSection
	GlobalSection(SolutionProperties) = preSolution
		HideSolutionNode = FALSE
	EndGlobalSection
	GlobalSection(ExtensibilityGlobals) = postSolution
		SolutionGuid = {D525DD9F-FCE9-425C-95FC-A1B4906DC108}
	EndGlobalSection
EndGlobal
